
Microsoft Visual Studio Solution File, Format Version 12.00
# Visual Studio Version 16
VisualStudioVersion = 16.0.33927.289
MinimumVisualStudioVersion = 10.0.40219.1
Project("{FAE04EC0-301F-11D3-BF4B-00C04F79EFBC}") = "AplClasses", "AplClasses\AplClasses.csproj", "{1BCE9146-1620-4B72-A255-DD2AE25FED37}"
EndProject
Project("{FAE04EC0-301F-11D3-BF4B-00C04F79EFBC}") = "WorkerBeesManager", "WorkerBeesManager\WorkerBeesManager.csproj", "{00E1A010-9E03-47B4-B477-895B17930978}"
EndProject
Global
	GlobalSection(SolutionConfigurationPlatforms) = preSolution
		Debug|Any CPU = Debug|Any CPU
		Release|Any CPU = Release|Any CPU
	EndGlobalSection
	GlobalSection(ProjectConfigurationPlatforms) = postSolution
		{1BCE9146-1620-4B72-A255-DD2AE25FED37}.Debug|Any CPU.ActiveCfg = Debug|Any CPU
		{1BCE9146-1620-4B72-A255-DD2AE25FED37}.Debug|Any CPU.Build.0 = Debug|Any CPU
		{1BCE9146-1620-4B72-A255-DD2AE25FED37}.Release|Any CPU.ActiveCfg = Release|Any CPU
		{1BCE9146-1620-4B72-A255-DD2AE25FED37}.Release|Any CPU.Build.0 = Release|Any CPU
		{00E1A010-9E03-47B4-B477-895B17930978}.Debug|Any CPU.ActiveCfg = Debug|Any CPU
		{00E1A010-9E03-47B4-B477-895B17930978}.Debug|Any CPU.Build.0 = Debug|Any CPU
		{00E1A010-9E03-47B4-B477-895B17930978}.Release|Any CPU.ActiveCfg = Release|Any CPU
		{00E1A010-9E03-47B4-B477-895B17930978}.Release|Any CPU.Build.0 = Release|Any CPU
	EndGlobalSection
	GlobalSection(SolutionProperties) = preSolution
		HideSolutionNode = FALSE
	EndGlobalSection
	GlobalSection(ExtensibilityGlobals) = postSolution
		SolutionGuid = {C7D5A966-3011-4207-B26B-B236F2612414}
	EndGlobalSection
EndGlobal
